
Microsoft Visual Studio Solution File, Format Version 12.00
# Visual Studio Version 17
VisualStudioVersion = 17.4.33110.190
MinimumVisualStudioVersion = 10.0.40219.1
Project("{9A19103F-16F7-4668-BE54-9A1E7A4F7556}") = "ProjectPioneer", "ProjectPioneer\ProjectPioneer.csproj", "{3352F1AD-1682-438F-94C6-A24D5F5A5375}"
EndProject
Project("{9A19103F-16F7-4668-BE54-9A1E7A4F7556}") = "ProjectPioneer.Tests", "ProjectPioneer.Tests\ProjectPioneer.Tests.csproj", "{3C2344F4-C8B2-4A3D-BDF8-52719DD70D20}"
EndProject
Project("{2150E333-8FDC-42A3-9474-1A3956D46DE8}") = "Files", "Files", "{59AC3789-5B78-4C8A-B139-5BCC1CF2ECA3}"
	ProjectSection(SolutionItems) = preProject
		.editorconfig = .editorconfig
		..\..\README.md = ..\..\README.md
	EndProjectSection
EndProject
Project("{9A19103F-16F7-4668-BE54-9A1E7A4F7556}") = "ProjectPioneer.Blazor", "ProjectPioneer.Blazor\ProjectPioneer.Blazor.csproj", "{D672DF06-2ACD-4FDA-8E98-E5328D8B714E}"
EndProject
Global
	GlobalSection(SolutionConfigurationPlatforms) = preSolution
		Debug|Any CPU = Debug|Any CPU
		Release|Any CPU = Release|Any CPU
	EndGlobalSection
	GlobalSection(ProjectConfigurationPlatforms) = postSolution
		{3352F1AD-1682-438F-94C6-A24D5F5A5375}.Debug|Any CPU.ActiveCfg = Debug|Any CPU
		{3352F1AD-1682-438F-94C6-A24D5F5A5375}.Debug|Any CPU.Build.0 = Debug|Any CPU
		{3352F1AD-1682-438F-94C6-A24D5F5A5375}.Release|Any CPU.ActiveCfg = Release|Any CPU
		{3352F1AD-1682-438F-94C6-A24D5F5A5375}.Release|Any CPU.Build.0 = Release|Any CPU
		{3C2344F4-C8B2-4A3D-BDF8-52719DD70D20}.Debug|Any CPU.ActiveCfg = Debug|Any CPU
		{3C2344F4-C8B2-4A3D-BDF8-52719DD70D20}.Debug|Any CPU.Build.0 = Debug|Any CPU
		{3C2344F4-C8B2-4A3D-BDF8-52719DD70D20}.Release|Any CPU.ActiveCfg = Release|Any CPU
		{3C2344F4-C8B2-4A3D-BDF8-52719DD70D20}.Release|Any CPU.Build.0 = Release|Any CPU
		{D672DF06-2ACD-4FDA-8E98-E5328D8B714E}.Debug|Any CPU.ActiveCfg = Debug|Any CPU
		{D672DF06-2ACD-4FDA-8E98-E5328D8B714E}.Debug|Any CPU.Build.0 = Debug|Any CPU
		{D672DF06-2ACD-4FDA-8E98-E5328D8B714E}.Release|Any CPU.ActiveCfg = Release|Any CPU
		{D672DF06-2ACD-4FDA-8E98-E5328D8B714E}.Release|Any CPU.Build.0 = Release|Any CPU
	EndGlobalSection
	GlobalSection(SolutionProperties) = preSolution
		HideSolutionNode = FALSE
	EndGlobalSection
	GlobalSection(ExtensibilityGlobals) = postSolution
		SolutionGuid = {973158B4-3434-4B6E-9A49-D3BD6AC4356A}
	EndGlobalSection
EndGlobal
